
Microsoft Visual Studio Solution File, Format Version 12.00
# Visual Studio Version 16
VisualStudioVersion = 16.0.30907.101
MinimumVisualStudioVersion = 10.0.40219.1
Project("{888888A0-9F3D-457C-B088-3A5042F75D52}") = "ttttt", "ttttt\ttttt.pyproj", "{AC91CDFC-9E4A-4C18-B07E-7F7A97D730DD}"
EndProject
Global
	GlobalSection(SolutionConfigurationPlatforms) = preSolution
		Debug|Any CPU = Debug|Any CPU
		Release|Any CPU = Release|Any CPU
	EndGlobalSection
	GlobalSection(ProjectConfigurationPlatforms) = postSolution
		{AC91CDFC-9E4A-4C18-B07E-7F7A97D730DD}.Debug|Any CPU.ActiveCfg = Debug|Any CPU
		{AC91CDFC-9E4A-4C18-B07E-7F7A97D730DD}.Release|Any CPU.ActiveCfg = Release|Any CPU
	EndGlobalSection
	GlobalSection(SolutionProperties) = preSolution
		HideSolutionNode = FALSE
	EndGlobalSection
	GlobalSection(ExtensibilityGlobals) = postSolution
		SolutionGuid = {F981D473-E7B2-4C35-BC6A-F97CBD39AE10}
	EndGlobalSection
EndGlobal
